// !$*UTF8*$!
{
	archiveVersion = 1;
	classes = {
	};
	objectVersion = 56;
	objects = {

/* Begin PBXBuildFile section */
		7FD8A0B429AE528D0074E336 /* DevoteApp.swift in Sources */ = {isa = PBXBuildFile; fileRef = 7FD8A0B329AE528D0074E336 /* DevoteApp.swift */; };
		7FD8A0B629AE528D0074E336 /* ContentView.swift in Sources */ = {isa = PBXBuildFile; fileRef = 7FD8A0B529AE528D0074E336 /* ContentView.swift */; };
		7FD8A0B829AE528F0074E336 /* Assets.xcassets in Resources */ = {isa = PBXBuildFile; fileRef = 7FD8A0B729AE528F0074E336 /* Assets.xcassets */; };
		7FD8A0BB29AE528F0074E336 /* Preview Assets.xcassets in Resources */ = {isa = PBXBuildFile; fileRef = 7FD8A0BA29AE528F0074E336 /* Preview Assets.xcassets */; };
		7FD8A0BD29AE528F0074E336 /* Persistence.swift in Sources */ = {isa = PBXBuildFile; fileRef = 7FD8A0BC29AE528F0074E336 /* Persistence.swift */; };
		7FD8A0C029AE528F0074E336 /* Devote.xcdatamodeld in Sources */ = {isa = PBXBuildFile; fileRef = 7FD8A0BE29AE528F0074E336 /* Devote.xcdatamodeld */; };
		7FD8A0C929AE53700074E336 /* sound-rise.mp3 in Resources */ = {isa = PBXBuildFile; fileRef = 7FD8A0C629AE53700074E336 /* sound-rise.mp3 */; };
		7FD8A0CA29AE53700074E336 /* sound-tap.mp3 in Resources */ = {isa = PBXBuildFile; fileRef = 7FD8A0C729AE53700074E336 /* sound-tap.mp3 */; };
		7FD8A0CB29AE53700074E336 /* sound-ding.mp3 in Resources */ = {isa = PBXBuildFile; fileRef = 7FD8A0C829AE53700074E336 /* sound-ding.mp3 */; };
		7FD8A0D429AE65F10074E336 /* Constant.swift in Sources */ = {isa = PBXBuildFile; fileRef = 7FD8A0D329AE65F10074E336 /* Constant.swift */; };
		7FD8A0D629AE6DB40074E336 /* HideKeyboardExtension.swift in Sources */ = {isa = PBXBuildFile; fileRef = 7FD8A0D529AE6DB40074E336 /* HideKeyboardExtension.swift */; };
		7FD8A0D929AE73F40074E336 /* BackgroundImageView.swift in Sources */ = {isa = PBXBuildFile; fileRef = 7FD8A0D829AE73F40074E336 /* BackgroundImageView.swift */; };
		7FD8A0DB29AE94F20074E336 /* NewTaskItemView.swift in Sources */ = {isa = PBXBuildFile; fileRef = 7FD8A0DA29AE94F20074E336 /* NewTaskItemView.swift */; };
		7FD8A0DD29AE9E0F0074E336 /* BlankView.swift in Sources */ = {isa = PBXBuildFile; fileRef = 7FD8A0DC29AE9E0F0074E336 /* BlankView.swift */; };
		7FD8A0DF29AEA61E0074E336 /* ListRowItemView.swift in Sources */ = {isa = PBXBuildFile; fileRef = 7FD8A0DE29AEA61E0074E336 /* ListRowItemView.swift */; };
		7FD8A0E129AEA9B90074E336 /* CheckBoxStyle.swift in Sources */ = {isa = PBXBuildFile; fileRef = 7FD8A0E029AEA9B90074E336 /* CheckBoxStyle.swift */; };
/* End PBXBuildFile section */

/* Begin PBXFileReference section */
		7FD8A0B029AE528D0074E336 /* Devote.app */ = {isa = PBXFileReference; explicitFileType = wrapper.application; includeInIndex = 0; path = Devote.app; sourceTree = BUILT_PRODUCTS_DIR; };
		7FD8A0B329AE528D0074E336 /* DevoteApp.swift */ = {isa = PBXFileReference; lastKnownFileType = sourcecode.swift; path = DevoteApp.swift; sourceTree = "<group>"; };
		7FD8A0B529AE528D0074E336 /* ContentView.swift */ = {isa = PBXFileReference; lastKnownFileType = sourcecode.swift; path = ContentView.swift; sourceTree = "<group>"; };
		7FD8A0B729AE528F0074E336 /* Assets.xcassets */ = {isa = PBXFileReference; lastKnownFileType = folder.assetcatalog; path = Assets.xcassets; sourceTree = "<group>"; };
		7FD8A0BA29AE528F0074E336 /* Preview Assets.xcassets */ = {isa = PBXFileReference; lastKnownFileType = folder.assetcatalog; path = "Preview Assets.xcassets"; sourceTree = "<group>"; };
		7FD8A0BC29AE528F0074E336 /* Persistence.swift */ = {isa = PBXFileReference; lastKnownFileType = sourcecode.swift; path = Persistence.swift; sourceTree = "<group>"; };
		7FD8A0BF29AE528F0074E336 /* Devote.xcdatamodel */ = {isa = PBXFileReference; lastKnownFileType = wrapper.xcdatamodel; path = Devote.xcdatamodel; sourceTree = "<group>"; };
		7FD8A0C629AE53700074E336 /* sound-rise.mp3 */ = {isa = PBXFileReference; lastKnownFileType = audio.mp3; path = "sound-rise.mp3"; sourceTree = "<group>"; };
		7FD8A0C729AE53700074E336 /* sound-tap.mp3 */ = {isa = PBXFileReference; lastKnownFileType = audio.mp3; path = "sound-tap.mp3"; sourceTree = "<group>"; };
		7FD8A0C829AE53700074E336 /* sound-ding.mp3 */ = {isa = PBXFileReference; lastKnownFileType = audio.mp3; path = "sound-ding.mp3"; sourceTree = "<group>"; };
		7FD8A0D229AE544C0074E336 /* Info.plist */ = {isa = PBXFileReference; lastKnownFileType = text.plist; path = Info.plist; sourceTree = "<group>"; };
		7FD8A0D329AE65F10074E336 /* Constant.swift */ = {isa = PBXFileReference; lastKnownFileType = sourcecode.swift; path = Constant.swift; sourceTree = "<group>"; };
		7FD8A0D529AE6DB40074E336 /* HideKeyboardExtension.swift */ = {isa = PBXFileReference; lastKnownFileType = sourcecode.swift; path = HideKeyboardExtension.swift; sourceTree = "<group>"; };
		7FD8A0D829AE73F40074E336 /* BackgroundImageView.swift */ = {isa = PBXFileReference; lastKnownFileType = sourcecode.swift; path = BackgroundImageView.swift; sourceTree = "<group>"; };
		7FD8A0DA29AE94F20074E336 /* NewTaskItemView.swift */ = {isa = PBXFileReference; lastKnownFileType = sourcecode.swift; path = NewTaskItemView.swift; sourceTree = "<group>"; };
		7FD8A0DC29AE9E0F0074E336 /* BlankView.swift */ = {isa = PBXFileReference; lastKnownFileType = sourcecode.swift; path = BlankView.swift; sourceTree = "<group>"; };
		7FD8A0DE29AEA61E0074E336 /* ListRowItemView.swift */ = {isa = PBXFileReference; lastKnownFileType = sourcecode.swift; path = ListRowItemView.swift; sourceTree = "<group>"; };
		7FD8A0E029AEA9B90074E336 /* CheckBoxStyle.swift */ = {isa = PBXFileReference; lastKnownFileType = sourcecode.swift; path = CheckBoxStyle.swift; sourceTree = "<group>"; };
/* End PBXFileReference section */

/* Begin PBXFrameworksBuildPhase section */
		7FD8A0AD29AE528D0074E336 /* Frameworks */ = {
			isa = PBXFrameworksBuildPhase;
			buildActionMask = 2147483647;
			files = (
			);
			runOnlyForDeploymentPostprocessing = 0;
		};
/* End PBXFrameworksBuildPhase section */

/* Begin PBXGroup section */
		7FD8A0A729AE528C0074E336 = {
			isa = PBXGroup;
			children = (
				7FD8A0B229AE528D0074E336 /* Devote */,
				7FD8A0B129AE528D0074E336 /* Products */,
			);
			sourceTree = "<group>";
		};
		7FD8A0B129AE528D0074E336 /* Products */ = {
			isa = PBXGroup;
			children = (
				7FD8A0B029AE528D0074E336 /* Devote.app */,
			);
			name = Products;
			sourceTree = "<group>";
		};
		7FD8A0B229AE528D0074E336 /* Devote */ = {
			isa = PBXGroup;
			children = (
				7FD8A0D229AE544C0074E336 /* Info.plist */,
				7FD8A0D029AE53DB0074E336 /* Style */,
				7FD8A0CF29AE53D10074E336 /* Utility */,
				7FD8A0CE29AE53B80074E336 /* Extension */,
				7FD8A0CC29AE53A10074E336 /* Sound */,
				7FD8A0B329AE528D0074E336 /* DevoteApp.swift */,
				7FD8A0B529AE528D0074E336 /* ContentView.swift */,
				7FD8A0D729AE73A40074E336 /* View */,
				7FD8A0B729AE528F0074E336 /* Assets.xcassets */,
				7FD8A0D129AE53F90074E336 /* Model */,
				7FD8A0B929AE528F0074E336 /* Preview Content */,
			);
			path = Devote;
			sourceTree = "<group>";
		};
		7FD8A0B929AE528F0074E336 /* Preview Content */ = {
			isa = PBXGroup;
			children = (
				7FD8A0BA29AE528F0074E336 /* Preview Assets.xcassets */,
			);
			path = "Preview Content";
			sourceTree = "<group>";
		};
		7FD8A0CC29AE53A10074E336 /* Sound */ = {
			isa = PBXGroup;
			children = (
				7FD8A0C829AE53700074E336 /* sound-ding.mp3 */,
				7FD8A0C629AE53700074E336 /* sound-rise.mp3 */,
				7FD8A0C729AE53700074E336 /* sound-tap.mp3 */,
			);
			path = Sound;
			sourceTree = "<group>";
		};
		7FD8A0CE29AE53B80074E336 /* Extension */ = {
			isa = PBXGroup;
			children = (
				7FD8A0D529AE6DB40074E336 /* HideKeyboardExtension.swift */,
			);
			path = Extension;
			sourceTree = "<group>";
		};
		7FD8A0CF29AE53D10074E336 /* Utility */ = {
			isa = PBXGroup;
			children = (
				7FD8A0D329AE65F10074E336 /* Constant.swift */,
			);
			path = Utility;
			sourceTree = "<group>";
		};
		7FD8A0D029AE53DB0074E336 /* Style */ = {
			isa = PBXGroup;
			children = (
				7FD8A0E029AEA9B90074E336 /* CheckBoxStyle.swift */,
			);
			path = Style;
			sourceTree = "<group>";
		};
		7FD8A0D129AE53F90074E336 /* Model */ = {
			isa = PBXGroup;
			children = (
				7FD8A0BC29AE528F0074E336 /* Persistence.swift */,
				7FD8A0BE29AE528F0074E336 /* Devote.xcdatamodeld */,
			);
			path = Model;
			sourceTree = "<group>";
		};
		7FD8A0D729AE73A40074E336 /* View */ = {
			isa = PBXGroup;
			children = (
				7FD8A0D829AE73F40074E336 /* BackgroundImageView.swift */,
				7FD8A0DA29AE94F20074E336 /* NewTaskItemView.swift */,
				7FD8A0DC29AE9E0F0074E336 /* BlankView.swift */,
				7FD8A0DE29AEA61E0074E336 /* ListRowItemView.swift */,
			);
			path = View;
			sourceTree = "<group>";
		};
/* End PBXGroup section */

/* Begin PBXNativeTarget section */
		7FD8A0AF29AE528D0074E336 /* Devote */ = {
			isa = PBXNativeTarget;
			buildConfigurationList = 7FD8A0C329AE528F0074E336 /* Build configuration list for PBXNativeTarget "Devote" */;
			buildPhases = (
				7FD8A0AC29AE528D0074E336 /* Sources */,
				7FD8A0AD29AE528D0074E336 /* Frameworks */,
				7FD8A0AE29AE528D0074E336 /* Resources */,
			);
			buildRules = (
			);
			dependencies = (
			);
			name = Devote;
			productName = Devote;
			productReference = 7FD8A0B029AE528D0074E336 /* Devote.app */;
			productType = "com.apple.product-type.application";
		};
/* End PBXNativeTarget section */

/* Begin PBXProject section */
		7FD8A0A829AE528C0074E336 /* Project object */ = {
			isa = PBXProject;
			attributes = {
				BuildIndependentTargetsInParallel = 1;
				LastSwiftUpdateCheck = 1420;
				LastUpgradeCheck = 1420;
				TargetAttributes = {
					7FD8A0AF29AE528D0074E336 = {
						CreatedOnToolsVersion = 14.2;
					};
				};
			};
			buildConfigurationList = 7FD8A0AB29AE528C0074E336 /* Build configuration list for PBXProject "Devote" */;
			compatibilityVersion = "Xcode 14.0";
			developmentRegion = en;
			hasScannedForEncodings = 0;
			knownRegions = (
				en,
				Base,
			);
			mainGroup = 7FD8A0A729AE528C0074E336;
			productRefGroup = 7FD8A0B129AE528D0074E336 /* Products */;
			projectDirPath = "";
			projectRoot = "";
			targets = (
				7FD8A0AF29AE528D0074E336 /* Devote */,
			);
		};
/* End PBXProject section */

/* Begin PBXResourcesBuildPhase section */
		7FD8A0AE29AE528D0074E336 /* Resources */ = {
			isa = PBXResourcesBuildPhase;
			buildActionMask = 2147483647;
			files = (
				7FD8A0CB29AE53700074E336 /* sound-ding.mp3 in Resources */,
				7FD8A0C929AE53700074E336 /* sound-rise.mp3 in Resources */,
				7FD8A0BB29AE528F0074E336 /* Preview Assets.xcassets in Resources */,
				7FD8A0CA29AE53700074E336 /* sound-tap.mp3 in Resources */,
				7FD8A0B829AE528F0074E336 /* Assets.xcassets in Resources */,
			);
			runOnlyForDeploymentPostprocessing = 0;
		};
/* End PBXResourcesBuildPhase section */

/* Begin PBXSourcesBuildPhase section */
		7FD8A0AC29AE528D0074E336 /* Sources */ = {
			isa = PBXSourcesBuildPhase;
			buildActionMask = 2147483647;
			files = (
				7FD8A0BD29AE528F0074E336 /* Persistence.swift in Sources */,
				7FD8A0D929AE73F40074E336 /* BackgroundImageView.swift in Sources */,
				7FD8A0B629AE528D0074E336 /* ContentView.swift in Sources */,
				7FD8A0D629AE6DB40074E336 /* HideKeyboardExtension.swift in Sources */,
				7FD8A0DD29AE9E0F0074E336 /* BlankView.swift in Sources */,
				7FD8A0D429AE65F10074E336 /* Constant.swift in Sources */,
				7FD8A0DF29AEA61E0074E336 /* ListRowItemView.swift in Sources */,
				7FD8A0C029AE528F0074E336 /* Devote.xcdatamodeld in Sources */,
				7FD8A0E129AEA9B90074E336 /* CheckBoxStyle.swift in Sources */,
				7FD8A0B429AE528D0074E336 /* DevoteApp.swift in Sources */,
				7FD8A0DB29AE94F20074E336 /* NewTaskItemView.swift in Sources */,
			);
			runOnlyForDeploymentPostprocessing = 0;
		};
/* End PBXSourcesBuildPhase section */

/* Begin XCBuildConfiguration section */
		7FD8A0C129AE528F0074E336 /* Debug */ = {
			isa = XCBuildConfiguration;
			buildSettings = {
				ALWAYS_SEARCH_USER_PATHS = NO;
				CLANG_ANALYZER_NONNULL = YES;
				CLANG_ANALYZER_NUMBER_OBJECT_CONVERSION = YES_AGGRESSIVE;
				CLANG_CXX_LANGUAGE_STANDARD = "gnu++20";
				CLANG_ENABLE_MODULES = YES;
				CLANG_ENABLE_OBJC_ARC = YES;
				CLANG_ENABLE_OBJC_WEAK = YES;
				CLANG_WARN_BLOCK_CAPTURE_AUTORELEASING = YES;
				CLANG_WARN_BOOL_CONVERSION = YES;
				CLANG_WARN_COMMA = YES;
				CLANG_WARN_CONSTANT_CONVERSION = YES;
				CLANG_WARN_DEPRECATED_OBJC_IMPLEMENTATIONS = YES;
				CLANG_WARN_DIRECT_OBJC_ISA_USAGE = YES_ERROR;
				CLANG_WARN_DOCUMENTATION_COMMENTS = YES;
				CLANG_WARN_EMPTY_BODY = YES;
				CLANG_WARN_ENUM_CONVERSION = YES;
				CLANG_WARN_INFINITE_RECURSION = YES;
				CLANG_WARN_INT_CONVERSION = YES;
				CLANG_WARN_NON_LITERAL_NULL_CONVERSION = YES;
				CLANG_WARN_OBJC_IMPLICIT_RETAIN_SELF = YES;
				CLANG_WARN_OBJC_LITERAL_CONVERSION = YES;
				CLANG_WARN_OBJC_ROOT_CLASS = YES_ERROR;
				CLANG_WARN_QUOTED_INCLUDE_IN_FRAMEWORK_HEADER = YES;
				CLANG_WARN_RANGE_LOOP_ANALYSIS = YES;
				CLANG_WARN_STRICT_PROTOTYPES = YES;
				CLANG_WARN_SUSPICIOUS_MOVE = YES;
				CLANG_WARN_UNGUARDED_AVAILABILITY = YES_AGGRESSIVE;
				CLANG_WARN_UNREACHABLE_CODE = YES;
				CLANG_WARN__DUPLICATE_METHOD_MATCH = YES;
				COPY_PHASE_STRIP = NO;
				DEBUG_INFORMATION_FORMAT = dwarf;
				ENABLE_STRICT_OBJC_MSGSEND = YES;
				ENABLE_TESTABILITY = YES;
				GCC_C_LANGUAGE_STANDARD = gnu11;
				GCC_DYNAMIC_NO_PIC = NO;
				GCC_NO_COMMON_BLOCKS = YES;
				GCC_OPTIMIZATION_LEVEL = 0;
				GCC_PREPROCESSOR_DEFINITIONS = (
					"DEBUG=1",
					"$(inherited)",
				);
				GCC_WARN_64_TO_32_BIT_CONVERSION = YES;
				GCC_WARN_ABOUT_RETURN_TYPE = YES_ERROR;
				GCC_WARN_UNDECLARED_SELECTOR = YES;
				GCC_WARN_UNINITIALIZED_AUTOS = YES_AGGRESSIVE;
				GCC_WARN_UNUSED_FUNCTION = YES;
				GCC_WARN_UNUSED_VARIABLE = YES;
				IPHONEOS_DEPLOYMENT_TARGET = 16.2;
				MTL_ENABLE_DEBUG_INFO = INCLUDE_SOURCE;
				MTL_FAST_MATH = YES;
				ONLY_ACTIVE_ARCH = YES;
				SDKROOT = iphoneos;
				SWIFT_ACTIVE_COMPILATION_CONDITIONS = DEBUG;
				SWIFT_OPTIMIZATION_LEVEL = "-Onone";
			};
			name = Debug;
		};
		7FD8A0C229AE528F0074E336 /* Release */ = {
			isa = XCBuildConfiguration;
			buildSettings = {
				ALWAYS_SEARCH_USER_PATHS = NO;
				CLANG_ANALYZER_NONNULL = YES;
				CLANG_ANALYZER_NUMBER_OBJECT_CONVERSION = YES_AGGRESSIVE;
				CLANG_CXX_LANGUAGE_STANDARD = "gnu++20";
				CLANG_ENABLE_MODULES = YES;
				CLANG_ENABLE_OBJC_ARC = YES;
				CLANG_ENABLE_OBJC_WEAK = YES;
				CLANG_WARN_BLOCK_CAPTURE_AUTORELEASING = YES;
				CLANG_WARN_BOOL_CONVERSION = YES;
				CLANG_WARN_COMMA = YES;
				CLANG_WARN_CONSTANT_CONVERSION = YES;
				CLANG_WARN_DEPRECATED_OBJC_IMPLEMENTATIONS = YES;
				CLANG_WARN_DIRECT_OBJC_ISA_USAGE = YES_ERROR;
				CLANG_WARN_DOCUMENTATION_COMMENTS = YES;
				CLANG_WARN_EMPTY_BODY = YES;
				CLANG_WARN_ENUM_CONVERSION = YES;
				CLANG_WARN_INFINITE_RECURSION = YES;
				CLANG_WARN_INT_CONVERSION = YES;
				CLANG_WARN_NON_LITERAL_NULL_CONVERSION = YES;
				CLANG_WARN_OBJC_IMPLICIT_RETAIN_SELF = YES;
				CLANG_WARN_OBJC_LITERAL_CONVERSION = YES;
				CLANG_WARN_OBJC_ROOT_CLASS = YES_ERROR;
				CLANG_WARN_QUOTED_INCLUDE_IN_FRAMEWORK_HEADER = YES;
				CLANG_WARN_RANGE_LOOP_ANALYSIS = YES;
				CLANG_WARN_STRICT_PROTOTYPES = YES;
				CLANG_WARN_SUSPICIOUS_MOVE = YES;
				CLANG_WARN_UNGUARDED_AVAILABILITY = YES_AGGRESSIVE;
				CLANG_WARN_UNREACHABLE_CODE = YES;
				CLANG_WARN__DUPLICATE_METHOD_MATCH = YES;
				COPY_PHASE_STRIP = NO;
				DEBUG_INFORMATION_FORMAT = "dwarf-with-dsym";
				ENABLE_NS_ASSERTIONS = NO;
				ENABLE_STRICT_OBJC_MSGSEND = YES;
				GCC_C_LANGUAGE_STANDARD = gnu11;
				GCC_NO_COMMON_BLOCKS = YES;
				GCC_WARN_64_TO_32_BIT_CONVERSION = YES;
				GCC_WARN_ABOUT_RETURN_TYPE = YES_ERROR;
				GCC_WARN_UNDECLARED_SELECTOR = YES;
				GCC_WARN_UNINITIALIZED_AUTOS = YES_AGGRESSIVE;
				GCC_WARN_UNUSED_FUNCTION = YES;
				GCC_WARN_UNUSED_VARIABLE = YES;
				IPHONEOS_DEPLOYMENT_TARGET = 16.2;
				MTL_ENABLE_DEBUG_INFO = NO;
				MTL_FAST_MATH = YES;
				SDKROOT = iphoneos;
				SWIFT_COMPILATION_MODE = wholemodule;
				SWIFT_OPTIMIZATION_LEVEL = "-O";
				VALIDATE_PRODUCT = YES;
			};
			name = Release;
		};
		7FD8A0C429AE528F0074E336 /* Debug */ = {
			isa = XCBuildConfiguration;
			buildSettings = {
				ASSETCATALOG_COMPILER_APPICON_NAME = AppIcon;
				ASSETCATALOG_COMPILER_GLOBAL_ACCENT_COLOR_NAME = AccentColor;
				CODE_SIGN_STYLE = Automatic;
				CURRENT_PROJECT_VERSION = 1;
				DEVELOPMENT_ASSET_PATHS = "\"Devote/Preview Content\"";
				DEVELOPMENT_TEAM = 267MD9AH76;
				ENABLE_PREVIEWS = YES;
				GENERATE_INFOPLIST_FILE = YES;
				INFOPLIST_FILE = Devote/Info.plist;
				INFOPLIST_KEY_UIApplicationSceneManifest_Generation = YES;
				INFOPLIST_KEY_UIApplicationSupportsIndirectInputEvents = YES;
				INFOPLIST_KEY_UISupportedInterfaceOrientations = UIInterfaceOrientationPortrait;
				INFOPLIST_KEY_UISupportedInterfaceOrientations_iPad = "UIInterfaceOrientationLandscapeLeft UIInterfaceOrientationLandscapeRight UIInterfaceOrientationPortrait UIInterfaceOrientationPortraitUpsideDown";
				IPHONEOS_DEPLOYMENT_TARGET = 16.0;
				LD_RUNPATH_SEARCH_PATHS = (
					"$(inherited)",
					"@executable_path/Frameworks",
				);
				MARKETING_VERSION = 1.0;
				PRODUCT_BUNDLE_IDENTIFIER = com.papadoster.Devote;
				PRODUCT_NAME = "$(TARGET_NAME)";
				SWIFT_EMIT_LOC_STRINGS = YES;
				SWIFT_VERSION = 5.0;
				TARGETED_DEVICE_FAMILY = "1,2";
			};
			name = Debug;
		};
		7FD8A0C529AE528F0074E336 /* Release */ = {
			isa = XCBuildConfiguration;
			buildSettings = {
				ASSETCATALOG_COMPILER_APPICON_NAME = AppIcon;
				ASSETCATALOG_COMPILER_GLOBAL_ACCENT_COLOR_NAME = AccentColor;
				CODE_SIGN_STYLE = Automatic;
				CURRENT_PROJECT_VERSION = 1;
				DEVELOPMENT_ASSET_PATHS = "\"Devote/Preview Content\"";
				DEVELOPMENT_TEAM = 267MD9AH76;
				ENABLE_PREVIEWS = YES;
				GENERATE_INFOPLIST_FILE = YES;
				INFOPLIST_FILE = Devote/Info.plist;
				INFOPLIST_KEY_UIApplicationSceneManifest_Generation = YES;
				INFOPLIST_KEY_UIApplicationSupportsIndirectInputEvents = YES;
				INFOPLIST_KEY_UISupportedInterfaceOrientations = UIInterfaceOrientationPortrait;
				INFOPLIST_KEY_UISupportedInterfaceOrientations_iPad = "UIInterfaceOrientationLandscapeLeft UIInterfaceOrientationLandscapeRight UIInterfaceOrientationPortrait UIInterfaceOrientationPortraitUpsideDown";
				IPHONEOS_DEPLOYMENT_TARGET = 16.0;
				LD_RUNPATH_SEARCH_PATHS = (
					"$(inherited)",
					"@executable_path/Frameworks",
				);
				MARKETING_VERSION = 1.0;
				PRODUCT_BUNDLE_IDENTIFIER = com.papadoster.Devote;
				PRODUCT_NAME = "$(TARGET_NAME)";
				SWIFT_EMIT_LOC_STRINGS = YES;
				SWIFT_VERSION = 5.0;
				TARGETED_DEVICE_FAMILY = "1,2";
			};
			name = Release;
		};
/* End XCBuildConfiguration section */

/* Begin XCConfigurationList section */
		7FD8A0AB29AE528C0074E336 /* Build configuration list for PBXProject "Devote" */ = {
			isa = XCConfigurationList;
			buildConfigurations = (
				7FD8A0C129AE528F0074E336 /* Debug */,
				7FD8A0C229AE528F0074E336 /* Release */,
			);
			defaultConfigurationIsVisible = 0;
			defaultConfigurationName = Release;
		};
		7FD8A0C329AE528F0074E336 /* Build configuration list for PBXNativeTarget "Devote" */ = {
			isa = XCConfigurationList;
			buildConfigurations = (
				7FD8A0C429AE528F0074E336 /* Debug */,
				7FD8A0C529AE528F0074E336 /* Release */,
			);
			defaultConfigurationIsVisible = 0;
			defaultConfigurationName = Release;
		};
/* End XCConfigurationList section */

/* Begin XCVersionGroup section */
		7FD8A0BE29AE528F0074E336 /* Devote.xcdatamodeld */ = {
			isa = XCVersionGroup;
			children = (
				7FD8A0BF29AE528F0074E336 /* Devote.xcdatamodel */,
			);
			currentVersion = 7FD8A0BF29AE528F0074E336 /* Devote.xcdatamodel */;
			path = Devote.xcdatamodeld;
			sourceTree = "<group>";
			versionGroupType = wrapper.xcdatamodel;
		};
/* End XCVersionGroup section */
	};
	rootObject = 7FD8A0A829AE528C0074E336 /* Project object */;
}
